
Microsoft Visual Studio Solution File, Format Version 12.00
# Visual Studio Version 16
VisualStudioVersion = 25.0.1700.0
MinimumVisualStudioVersion = 10.0.40219.1
Project("{FAE04EC0-301F-11D3-BF4B-00C04F79EFBC}") = "FactoryPractice", "FactoryPractice\FactoryPractice.csproj", "{822B8A4B-21B4-473C-A77F-F0B084F93EE2}"
EndProject
Global
	GlobalSection(SolutionConfigurationPlatforms) = preSolution
		Debug|Any CPU = Debug|Any CPU
		Release|Any CPU = Release|Any CPU
	EndGlobalSection
	GlobalSection(ProjectConfigurationPlatforms) = postSolution
		{822B8A4B-21B4-473C-A77F-F0B084F93EE2}.Debug|Any CPU.ActiveCfg = Debug|Any CPU
		{822B8A4B-21B4-473C-A77F-F0B084F93EE2}.Debug|Any CPU.Build.0 = Debug|Any CPU
		{822B8A4B-21B4-473C-A77F-F0B084F93EE2}.Release|Any CPU.ActiveCfg = Release|Any CPU
		{822B8A4B-21B4-473C-A77F-F0B084F93EE2}.Release|Any CPU.Build.0 = Release|Any CPU
	EndGlobalSection
	GlobalSection(SolutionProperties) = preSolution
		HideSolutionNode = FALSE
	EndGlobalSection
	GlobalSection(ExtensibilityGlobals) = postSolution
		SolutionGuid = {D0F5C626-FEC2-4B74-ADDD-0EDB41367275}
	EndGlobalSection
EndGlobal
